{
  "requires": true,
  "lockfileVersion": 1,
  "dependencies": {
    "@mdi/font": {
      "version": "5.8.55",
      "resolved": "https://registry.npmjs.org/@mdi/font/-/font-5.8.55.tgz",
      "integrity": "sha512-8mrwfFBsmj+D67ZiGQSe5TU/lcWCtDyli2eshQ2fvLCZGRPqFMM23YQp4+JMOTpk5yMZKTeAwNWIYfITy76OHA=="
    },
    "@types/lodash": {
      "version": "4.14.165",
      "resolved": "https://registry.npmjs.org/@types/lodash/-/lodash-4.14.165.tgz",
      "integrity": "sha512-tjSSOTHhI5mCHTy/OOXYIhi2Wt1qcbHmuXD1Ha7q70CgI/I71afO4XtLb/cVexki1oVYchpul/TOuu3Arcdxrg=="
    },
    "lodash": {
      "version": "4.17.20",
      "resolved": "https://registry.npmjs.org/lodash/-/lodash-4.17.20.tgz",
      "integrity": "sha512-PlhdFcillOINfeV7Ni6oF1TAEayyZBoZ8bcshTHqOYJYlrqzRK5hagpagky5o4HfCzzd1TRkXPMFq6cKk9rGmA=="
    },
    "moment": {
      "version": "2.29.1",
      "resolved": "https://registry.npmjs.org/moment/-/moment-2.29.1.tgz",
      "integrity": "sha512-kHmoybcPV8Sqy59DwNDY3Jefr64lK/by/da0ViFcuA4DH0vQg5Q6Ze5VimxkfQNSC+Mls/Kx53s7TjP1RhFEDQ=="
    }
  }
}
